
Microsoft Visual Studio Solution File, Format Version 12.00
# Visual Studio 15
VisualStudioVersion = 15.0.27703.2035
MinimumVisualStudioVersion = 10.0.40219.1
Project("{9A19103F-16F7-4668-BE54-9A1E7A4F7556}") = "GainzTrack.Web", "GainzTrack.Web\GainzTrack.Web.csproj", "{31A0EC39-9838-49B6-9176-7D25ECE3E7E8}"
EndProject
Project("{9A19103F-16F7-4668-BE54-9A1E7A4F7556}") = "GainzTrack.Core", "GainzTrack.Core\GainzTrack.Core.csproj", "{BDA74F0F-A582-4BEF-BF3C-56146E80D584}"
EndProject
Project("{9A19103F-16F7-4668-BE54-9A1E7A4F7556}") = "GainzTrack.Infrastructure", "GainzTrack.Infrastructure\GainzTrack.Infrastructure.csproj", "{6D015190-1BE0-4B00-8099-8729C3ECBCD4}"
EndProject
Global
	GlobalSection(SolutionConfigurationPlatforms) = preSolution
		Debug|Any CPU = Debug|Any CPU
		Release|Any CPU = Release|Any CPU
	EndGlobalSection
	GlobalSection(ProjectConfigurationPlatforms) = postSolution
		{31A0EC39-9838-49B6-9176-7D25ECE3E7E8}.Debug|Any CPU.ActiveCfg = Debug|Any CPU
		{31A0EC39-9838-49B6-9176-7D25ECE3E7E8}.Debug|Any CPU.Build.0 = Debug|Any CPU
		{31A0EC39-9838-49B6-9176-7D25ECE3E7E8}.Release|Any CPU.ActiveCfg = Release|Any CPU
		{31A0EC39-9838-49B6-9176-7D25ECE3E7E8}.Release|Any CPU.Build.0 = Release|Any CPU
		{BDA74F0F-A582-4BEF-BF3C-56146E80D584}.Debug|Any CPU.ActiveCfg = Debug|Any CPU
		{BDA74F0F-A582-4BEF-BF3C-56146E80D584}.Debug|Any CPU.Build.0 = Debug|Any CPU
		{BDA74F0F-A582-4BEF-BF3C-56146E80D584}.Release|Any CPU.ActiveCfg = Release|Any CPU
		{BDA74F0F-A582-4BEF-BF3C-56146E80D584}.Release|Any CPU.Build.0 = Release|Any CPU
		{6D015190-1BE0-4B00-8099-8729C3ECBCD4}.Debug|Any CPU.ActiveCfg = Debug|Any CPU
		{6D015190-1BE0-4B00-8099-8729C3ECBCD4}.Debug|Any CPU.Build.0 = Debug|Any CPU
		{6D015190-1BE0-4B00-8099-8729C3ECBCD4}.Release|Any CPU.ActiveCfg = Release|Any CPU
		{6D015190-1BE0-4B00-8099-8729C3ECBCD4}.Release|Any CPU.Build.0 = Release|Any CPU
	EndGlobalSection
	GlobalSection(SolutionProperties) = preSolution
		HideSolutionNode = FALSE
	EndGlobalSection
	GlobalSection(ExtensibilityGlobals) = postSolution
		SolutionGuid = {1456D7D3-850A-4946-B5EA-5A69E2671EC1}
	EndGlobalSection
EndGlobal
